
Microsoft Visual Studio Solution File, Format Version 12.00
# Visual Studio 15
VisualStudioVersion = 15.0.27703.2042
MinimumVisualStudioVersion = 10.0.40219.1
Project("{FAE04EC0-301F-11D3-BF4B-00C04F79EFBC}") = "HelloWorld", "HelloWorld\HelloWorld.csproj", "{0EDCC2A6-00CB-4EBD-A2C3-474691E9BC8F}"
EndProject
Project("{FAE04EC0-301F-11D3-BF4B-00C04F79EFBC}") = "HelloTest", "HelloTest\HelloTest.csproj", "{C111E815-4BA7-4F45-A126-CA6E56FB4D42}"
EndProject
Project("{FAE04EC0-301F-11D3-BF4B-00C04F79EFBC}") = "HelloWeb", "HelloWeb\HelloWeb.csproj", "{602E0309-6136-49B2-A61A-3685A850FCD8}"
EndProject
Project("{9A19103F-16F7-4668-BE54-9A1E7A4F7556}") = "HelloLibrary", "HelloLibrary\HelloLibrary.csproj", "{7EA7ACAE-38DC-42E6-969A-A3D9FABE534F}"
EndProject
Project("{9A19103F-16F7-4668-BE54-9A1E7A4F7556}") = "HelloMobile", "HelloMobile\HelloMobile\HelloMobile.csproj", "{42EFA3D4-3413-40BF-BB21-35C708C5D6B4}"
EndProject
Project("{FAE04EC0-301F-11D3-BF4B-00C04F79EFBC}") = "HelloMobile.Android", "HelloMobile\HelloMobile.Android\HelloMobile.Android.csproj", "{E20BE5DC-0D43-47EC-9315-ADE357B08E26}"
EndProject
Global
	GlobalSection(SolutionConfigurationPlatforms) = preSolution
		Ad-Hoc|Any CPU = Ad-Hoc|Any CPU
		Ad-Hoc|iPhone = Ad-Hoc|iPhone
		Ad-Hoc|iPhoneSimulator = Ad-Hoc|iPhoneSimulator
		AppStore|Any CPU = AppStore|Any CPU
		AppStore|iPhone = AppStore|iPhone
		AppStore|iPhoneSimulator = AppStore|iPhoneSimulator
		Debug|Any CPU = Debug|Any CPU
		Debug|iPhone = Debug|iPhone
		Debug|iPhoneSimulator = Debug|iPhoneSimulator
		Release|Any CPU = Release|Any CPU
		Release|iPhone = Release|iPhone
		Release|iPhoneSimulator = Release|iPhoneSimulator
	EndGlobalSection
	GlobalSection(ProjectConfigurationPlatforms) = postSolution
		{0EDCC2A6-00CB-4EBD-A2C3-474691E9BC8F}.Ad-Hoc|Any CPU.ActiveCfg = Release|Any CPU
		{0EDCC2A6-00CB-4EBD-A2C3-474691E9BC8F}.Ad-Hoc|Any CPU.Build.0 = Release|Any CPU
		{0EDCC2A6-00CB-4EBD-A2C3-474691E9BC8F}.Ad-Hoc|iPhone.ActiveCfg = Release|Any CPU
		{0EDCC2A6-00CB-4EBD-A2C3-474691E9BC8F}.Ad-Hoc|iPhone.Build.0 = Release|Any CPU
		{0EDCC2A6-00CB-4EBD-A2C3-474691E9BC8F}.Ad-Hoc|iPhoneSimulator.ActiveCfg = Release|Any CPU
		{0EDCC2A6-00CB-4EBD-A2C3-474691E9BC8F}.Ad-Hoc|iPhoneSimulator.Build.0 = Release|Any CPU
		{0EDCC2A6-00CB-4EBD-A2C3-474691E9BC8F}.AppStore|Any CPU.ActiveCfg = Release|Any CPU
		{0EDCC2A6-00CB-4EBD-A2C3-474691E9BC8F}.AppStore|Any CPU.Build.0 = Release|Any CPU
		{0EDCC2A6-00CB-4EBD-A2C3-474691E9BC8F}.AppStore|iPhone.ActiveCfg = Release|Any CPU
		{0EDCC2A6-00CB-4EBD-A2C3-474691E9BC8F}.AppStore|iPhone.Build.0 = Release|Any CPU
		{0EDCC2A6-00CB-4EBD-A2C3-474691E9BC8F}.AppStore|iPhoneSimulator.ActiveCfg = Release|Any CPU
		{0EDCC2A6-00CB-4EBD-A2C3-474691E9BC8F}.AppStore|iPhoneSimulator.Build.0 = Release|Any CPU
		{0EDCC2A6-00CB-4EBD-A2C3-474691E9BC8F}.Debug|Any CPU.ActiveCfg = Debug|Any CPU
		{0EDCC2A6-00CB-4EBD-A2C3-474691E9BC8F}.Debug|Any CPU.Build.0 = Debug|Any CPU
		{0EDCC2A6-00CB-4EBD-A2C3-474691E9BC8F}.Debug|iPhone.ActiveCfg = Debug|Any CPU
		{0EDCC2A6-00CB-4EBD-A2C3-474691E9BC8F}.Debug|iPhone.Build.0 = Debug|Any CPU
		{0EDCC2A6-00CB-4EBD-A2C3-474691E9BC8F}.Debug|iPhoneSimulator.ActiveCfg = Debug|Any CPU
		{0EDCC2A6-00CB-4EBD-A2C3-474691E9BC8F}.Debug|iPhoneSimulator.Build.0 = Debug|Any CPU
		{0EDCC2A6-00CB-4EBD-A2C3-474691E9BC8F}.Release|Any CPU.ActiveCfg = Release|Any CPU
		{0EDCC2A6-00CB-4EBD-A2C3-474691E9BC8F}.Release|Any CPU.Build.0 = Release|Any CPU
		{0EDCC2A6-00CB-4EBD-A2C3-474691E9BC8F}.Release|iPhone.ActiveCfg = Release|Any CPU
		{0EDCC2A6-00CB-4EBD-A2C3-474691E9BC8F}.Release|iPhone.Build.0 = Release|Any CPU
		{0EDCC2A6-00CB-4EBD-A2C3-474691E9BC8F}.Release|iPhoneSimulator.ActiveCfg = Release|Any CPU
		{0EDCC2A6-00CB-4EBD-A2C3-474691E9BC8F}.Release|iPhoneSimulator.Build.0 = Release|Any CPU
		{C111E815-4BA7-4F45-A126-CA6E56FB4D42}.Ad-Hoc|Any CPU.ActiveCfg = Release|Any CPU
		{C111E815-4BA7-4F45-A126-CA6E56FB4D42}.Ad-Hoc|Any CPU.Build.0 = Release|Any CPU
		{C111E815-4BA7-4F45-A126-CA6E56FB4D42}.Ad-Hoc|iPhone.ActiveCfg = Release|Any CPU
		{C111E815-4BA7-4F45-A126-CA6E56FB4D42}.Ad-Hoc|iPhone.Build.0 = Release|Any CPU
		{C111E815-4BA7-4F45-A126-CA6E56FB4D42}.Ad-Hoc|iPhoneSimulator.ActiveCfg = Release|Any CPU
		{C111E815-4BA7-4F45-A126-CA6E56FB4D42}.Ad-Hoc|iPhoneSimulator.Build.0 = Release|Any CPU
		{C111E815-4BA7-4F45-A126-CA6E56FB4D42}.AppStore|Any CPU.ActiveCfg = Release|Any CPU
		{C111E815-4BA7-4F45-A126-CA6E56FB4D42}.AppStore|Any CPU.Build.0 = Release|Any CPU
		{C111E815-4BA7-4F45-A126-CA6E56FB4D42}.AppStore|iPhone.ActiveCfg = Release|Any CPU
		{C111E815-4BA7-4F45-A126-CA6E56FB4D42}.AppStore|iPhone.Build.0 = Release|Any CPU
		{C111E815-4BA7-4F45-A126-CA6E56FB4D42}.AppStore|iPhoneSimulator.ActiveCfg = Release|Any CPU
		{C111E815-4BA7-4F45-A126-CA6E56FB4D42}.AppStore|iPhoneSimulator.Build.0 = Release|Any CPU
		{C111E815-4BA7-4F45-A126-CA6E56FB4D42}.Debug|Any CPU.ActiveCfg = Debug|Any CPU
		{C111E815-4BA7-4F45-A126-CA6E56FB4D42}.Debug|Any CPU.Build.0 = Debug|Any CPU
		{C111E815-4BA7-4F45-A126-CA6E56FB4D42}.Debug|iPhone.ActiveCfg = Debug|Any CPU
		{C111E815-4BA7-4F45-A126-CA6E56FB4D42}.Debug|iPhone.Build.0 = Debug|Any CPU
		{C111E815-4BA7-4F45-A126-CA6E56FB4D42}.Debug|iPhoneSimulator.ActiveCfg = Debug|Any CPU
		{C111E815-4BA7-4F45-A126-CA6E56FB4D42}.Debug|iPhoneSimulator.Build.0 = Debug|Any CPU
		{C111E815-4BA7-4F45-A126-CA6E56FB4D42}.Release|Any CPU.ActiveCfg = Release|Any CPU
		{C111E815-4BA7-4F45-A126-CA6E56FB4D42}.Release|Any CPU.Build.0 = Release|Any CPU
		{C111E815-4BA7-4F45-A126-CA6E56FB4D42}.Release|iPhone.ActiveCfg = Release|Any CPU
		{C111E815-4BA7-4F45-A126-CA6E56FB4D42}.Release|iPhone.Build.0 = Release|Any CPU
		{C111E815-4BA7-4F45-A126-CA6E56FB4D42}.Release|iPhoneSimulator.ActiveCfg = Release|Any CPU
		{C111E815-4BA7-4F45-A126-CA6E56FB4D42}.Release|iPhoneSimulator.Build.0 = Release|Any CPU
		{602E0309-6136-49B2-A61A-3685A850FCD8}.Ad-Hoc|Any CPU.ActiveCfg = Release|Any CPU
		{602E0309-6136-49B2-A61A-3685A850FCD8}.Ad-Hoc|Any CPU.Build.0 = Release|Any CPU
		{602E0309-6136-49B2-A61A-3685A850FCD8}.Ad-Hoc|iPhone.ActiveCfg = Release|Any CPU
		{602E0309-6136-49B2-A61A-3685A850FCD8}.Ad-Hoc|iPhone.Build.0 = Release|Any CPU
		{602E0309-6136-49B2-A61A-3685A850FCD8}.Ad-Hoc|iPhoneSimulator.ActiveCfg = Release|Any CPU
		{602E0309-6136-49B2-A61A-3685A850FCD8}.Ad-Hoc|iPhoneSimulator.Build.0 = Release|Any CPU
		{602E0309-6136-49B2-A61A-3685A850FCD8}.AppStore|Any CPU.ActiveCfg = Release|Any CPU
		{602E0309-6136-49B2-A61A-3685A850FCD8}.AppStore|Any CPU.Build.0 = Release|Any CPU
		{602E0309-6136-49B2-A61A-3685A850FCD8}.AppStore|iPhone.ActiveCfg = Release|Any CPU
		{602E0309-6136-49B2-A61A-3685A850FCD8}.AppStore|iPhone.Build.0 = Release|Any CPU
		{602E0309-6136-49B2-A61A-3685A850FCD8}.AppStore|iPhoneSimulator.ActiveCfg = Release|Any CPU
		{602E0309-6136-49B2-A61A-3685A850FCD8}.AppStore|iPhoneSimulator.Build.0 = Release|Any CPU
		{602E0309-6136-49B2-A61A-3685A850FCD8}.Debug|Any CPU.ActiveCfg = Debug|Any CPU
		{602E0309-6136-49B2-A61A-3685A850FCD8}.Debug|Any CPU.Build.0 = Debug|Any CPU
		{602E0309-6136-49B2-A61A-3685A850FCD8}.Debug|iPhone.ActiveCfg = Debug|Any CPU
		{602E0309-6136-49B2-A61A-3685A850FCD8}.Debug|iPhone.Build.0 = Debug|Any CPU
		{602E0309-6136-49B2-A61A-3685A850FCD8}.Debug|iPhoneSimulator.ActiveCfg = Debug|Any CPU
		{602E0309-6136-49B2-A61A-3685A850FCD8}.Debug|iPhoneSimulator.Build.0 = Debug|Any CPU
		{602E0309-6136-49B2-A61A-3685A850FCD8}.Release|Any CPU.ActiveCfg = Release|Any CPU
		{602E0309-6136-49B2-A61A-3685A850FCD8}.Release|Any CPU.Build.0 = Release|Any CPU
		{602E0309-6136-49B2-A61A-3685A850FCD8}.Release|iPhone.ActiveCfg = Release|Any CPU
		{602E0309-6136-49B2-A61A-3685A850FCD8}.Release|iPhone.Build.0 = Release|Any CPU
		{602E0309-6136-49B2-A61A-3685A850FCD8}.Release|iPhoneSimulator.ActiveCfg = Release|Any CPU
		{602E0309-6136-49B2-A61A-3685A850FCD8}.Release|iPhoneSimulator.Build.0 = Release|Any CPU
		{7EA7ACAE-38DC-42E6-969A-A3D9FABE534F}.Ad-Hoc|Any CPU.ActiveCfg = Release|Any CPU
		{7EA7ACAE-38DC-42E6-969A-A3D9FABE534F}.Ad-Hoc|Any CPU.Build.0 = Release|Any CPU
		{7EA7ACAE-38DC-42E6-969A-A3D9FABE534F}.Ad-Hoc|iPhone.ActiveCfg = Release|Any CPU
		{7EA7ACAE-38DC-42E6-969A-A3D9FABE534F}.Ad-Hoc|iPhone.Build.0 = Release|Any CPU
		{7EA7ACAE-38DC-42E6-969A-A3D9FABE534F}.Ad-Hoc|iPhoneSimulator.ActiveCfg = Release|Any CPU
		{7EA7ACAE-38DC-42E6-969A-A3D9FABE534F}.Ad-Hoc|iPhoneSimulator.Build.0 = Release|Any CPU
		{7EA7ACAE-38DC-42E6-969A-A3D9FABE534F}.AppStore|Any CPU.ActiveCfg = Release|Any CPU
		{7EA7ACAE-38DC-42E6-969A-A3D9FABE534F}.AppStore|Any CPU.Build.0 = Release|Any CPU
		{7EA7ACAE-38DC-42E6-969A-A3D9FABE534F}.AppStore|iPhone.ActiveCfg = Release|Any CPU
		{7EA7ACAE-38DC-42E6-969A-A3D9FABE534F}.AppStore|iPhone.Build.0 = Release|Any CPU
		{7EA7ACAE-38DC-42E6-969A-A3D9FABE534F}.AppStore|iPhoneSimulator.ActiveCfg = Release|Any CPU
		{7EA7ACAE-38DC-42E6-969A-A3D9FABE534F}.AppStore|iPhoneSimulator.Build.0 = Release|Any CPU
		{7EA7ACAE-38DC-42E6-969A-A3D9FABE534F}.Debug|Any CPU.ActiveCfg = Debug|Any CPU
		{7EA7ACAE-38DC-42E6-969A-A3D9FABE534F}.Debug|Any CPU.Build.0 = Debug|Any CPU
		{7EA7ACAE-38DC-42E6-969A-A3D9FABE534F}.Debug|iPhone.ActiveCfg = Debug|Any CPU
		{7EA7ACAE-38DC-42E6-969A-A3D9FABE534F}.Debug|iPhone.Build.0 = Debug|Any CPU
		{7EA7ACAE-38DC-42E6-969A-A3D9FABE534F}.Debug|iPhoneSimulator.ActiveCfg = Debug|Any CPU
		{7EA7ACAE-38DC-42E6-969A-A3D9FABE534F}.Debug|iPhoneSimulator.Build.0 = Debug|Any CPU
		{7EA7ACAE-38DC-42E6-969A-A3D9FABE534F}.Release|Any CPU.ActiveCfg = Release|Any CPU
		{7EA7ACAE-38DC-42E6-969A-A3D9FABE534F}.Release|Any CPU.Build.0 = Release|Any CPU
		{7EA7ACAE-38DC-42E6-969A-A3D9FABE534F}.Release|iPhone.ActiveCfg = Release|Any CPU
		{7EA7ACAE-38DC-42E6-969A-A3D9FABE534F}.Release|iPhone.Build.0 = Release|Any CPU
		{7EA7ACAE-38DC-42E6-969A-A3D9FABE534F}.Release|iPhoneSimulator.ActiveCfg = Release|Any CPU
		{7EA7ACAE-38DC-42E6-969A-A3D9FABE534F}.Release|iPhoneSimulator.Build.0 = Release|Any CPU
		{42EFA3D4-3413-40BF-BB21-35C708C5D6B4}.Ad-Hoc|Any CPU.ActiveCfg = Debug|Any CPU
		{42EFA3D4-3413-40BF-BB21-35C708C5D6B4}.Ad-Hoc|Any CPU.Build.0 = Debug|Any CPU
		{42EFA3D4-3413-40BF-BB21-35C708C5D6B4}.Ad-Hoc|iPhone.ActiveCfg = Debug|Any CPU
		{42EFA3D4-3413-40BF-BB21-35C708C5D6B4}.Ad-Hoc|iPhone.Build.0 = Debug|Any CPU
		{42EFA3D4-3413-40BF-BB21-35C708C5D6B4}.Ad-Hoc|iPhoneSimulator.ActiveCfg = Debug|Any CPU
		{42EFA3D4-3413-40BF-BB21-35C708C5D6B4}.Ad-Hoc|iPhoneSimulator.Build.0 = Debug|Any CPU
		{42EFA3D4-3413-40BF-BB21-35C708C5D6B4}.AppStore|Any CPU.ActiveCfg = Debug|Any CPU
		{42EFA3D4-3413-40BF-BB21-35C708C5D6B4}.AppStore|Any CPU.Build.0 = Debug|Any CPU
		{42EFA3D4-3413-40BF-BB21-35C708C5D6B4}.AppStore|iPhone.ActiveCfg = Debug|Any CPU
		{42EFA3D4-3413-40BF-BB21-35C708C5D6B4}.AppStore|iPhone.Build.0 = Debug|Any CPU
		{42EFA3D4-3413-40BF-BB21-35C708C5D6B4}.AppStore|iPhoneSimulator.ActiveCfg = Debug|Any CPU
		{42EFA3D4-3413-40BF-BB21-35C708C5D6B4}.AppStore|iPhoneSimulator.Build.0 = Debug|Any CPU
		{42EFA3D4-3413-40BF-BB21-35C708C5D6B4}.Debug|Any CPU.ActiveCfg = Debug|Any CPU
		{42EFA3D4-3413-40BF-BB21-35C708C5D6B4}.Debug|Any CPU.Build.0 = Debug|Any CPU
		{42EFA3D4-3413-40BF-BB21-35C708C5D6B4}.Debug|iPhone.ActiveCfg = Debug|Any CPU
		{42EFA3D4-3413-40BF-BB21-35C708C5D6B4}.Debug|iPhone.Build.0 = Debug|Any CPU
		{42EFA3D4-3413-40BF-BB21-35C708C5D6B4}.Debug|iPhoneSimulator.ActiveCfg = Debug|Any CPU
		{42EFA3D4-3413-40BF-BB21-35C708C5D6B4}.Debug|iPhoneSimulator.Build.0 = Debug|Any CPU
		{42EFA3D4-3413-40BF-BB21-35C708C5D6B4}.Release|Any CPU.ActiveCfg = Release|Any CPU
		{42EFA3D4-3413-40BF-BB21-35C708C5D6B4}.Release|Any CPU.Build.0 = Release|Any CPU
		{42EFA3D4-3413-40BF-BB21-35C708C5D6B4}.Release|iPhone.ActiveCfg = Release|Any CPU
		{42EFA3D4-3413-40BF-BB21-35C708C5D6B4}.Release|iPhone.Build.0 = Release|Any CPU
		{42EFA3D4-3413-40BF-BB21-35C708C5D6B4}.Release|iPhoneSimulator.ActiveCfg = Release|Any CPU
		{42EFA3D4-3413-40BF-BB21-35C708C5D6B4}.Release|iPhoneSimulator.Build.0 = Release|Any CPU
		{E20BE5DC-0D43-47EC-9315-ADE357B08E26}.Ad-Hoc|Any CPU.ActiveCfg = Release|Any CPU
		{E20BE5DC-0D43-47EC-9315-ADE357B08E26}.Ad-Hoc|Any CPU.Build.0 = Release|Any CPU
		{E20BE5DC-0D43-47EC-9315-ADE357B08E26}.Ad-Hoc|Any CPU.Deploy.0 = Release|Any CPU
		{E20BE5DC-0D43-47EC-9315-ADE357B08E26}.Ad-Hoc|iPhone.ActiveCfg = Release|Any CPU
		{E20BE5DC-0D43-47EC-9315-ADE357B08E26}.Ad-Hoc|iPhone.Build.0 = Release|Any CPU
		{E20BE5DC-0D43-47EC-9315-ADE357B08E26}.Ad-Hoc|iPhone.Deploy.0 = Release|Any CPU
		{E20BE5DC-0D43-47EC-9315-ADE357B08E26}.Ad-Hoc|iPhoneSimulator.ActiveCfg = Release|Any CPU
		{E20BE5DC-0D43-47EC-9315-ADE357B08E26}.Ad-Hoc|iPhoneSimulator.Build.0 = Release|Any CPU
		{E20BE5DC-0D43-47EC-9315-ADE357B08E26}.Ad-Hoc|iPhoneSimulator.Deploy.0 = Release|Any CPU
		{E20BE5DC-0D43-47EC-9315-ADE357B08E26}.AppStore|Any CPU.ActiveCfg = Release|Any CPU
		{E20BE5DC-0D43-47EC-9315-ADE357B08E26}.AppStore|Any CPU.Build.0 = Release|Any CPU
		{E20BE5DC-0D43-47EC-9315-ADE357B08E26}.AppStore|Any CPU.Deploy.0 = Release|Any CPU
		{E20BE5DC-0D43-47EC-9315-ADE357B08E26}.AppStore|iPhone.ActiveCfg = Release|Any CPU
		{E20BE5DC-0D43-47EC-9315-ADE357B08E26}.AppStore|iPhone.Build.0 = Release|Any CPU
		{E20BE5DC-0D43-47EC-9315-ADE357B08E26}.AppStore|iPhone.Deploy.0 = Release|Any CPU
		{E20BE5DC-0D43-47EC-9315-ADE357B08E26}.AppStore|iPhoneSimulator.ActiveCfg = Release|Any CPU
		{E20BE5DC-0D43-47EC-9315-ADE357B08E26}.AppStore|iPhoneSimulator.Build.0 = Release|Any CPU
		{E20BE5DC-0D43-47EC-9315-ADE357B08E26}.AppStore|iPhoneSimulator.Deploy.0 = Release|Any CPU
		{E20BE5DC-0D43-47EC-9315-ADE357B08E26}.Debug|Any CPU.ActiveCfg = Debug|Any CPU
		{E20BE5DC-0D43-47EC-9315-ADE357B08E26}.Debug|Any CPU.Build.0 = Debug|Any CPU
		{E20BE5DC-0D43-47EC-9315-ADE357B08E26}.Debug|Any CPU.Deploy.0 = Debug|Any CPU
		{E20BE5DC-0D43-47EC-9315-ADE357B08E26}.Debug|iPhone.ActiveCfg = Debug|Any CPU
		{E20BE5DC-0D43-47EC-9315-ADE357B08E26}.Debug|iPhone.Build.0 = Debug|Any CPU
		{E20BE5DC-0D43-47EC-9315-ADE357B08E26}.Debug|iPhone.Deploy.0 = Debug|Any CPU
		{E20BE5DC-0D43-47EC-9315-ADE357B08E26}.Debug|iPhoneSimulator.ActiveCfg = Debug|Any CPU
		{E20BE5DC-0D43-47EC-9315-ADE357B08E26}.Debug|iPhoneSimulator.Build.0 = Debug|Any CPU
		{E20BE5DC-0D43-47EC-9315-ADE357B08E26}.Debug|iPhoneSimulator.Deploy.0 = Debug|Any CPU
		{E20BE5DC-0D43-47EC-9315-ADE357B08E26}.Release|Any CPU.ActiveCfg = Release|Any CPU
		{E20BE5DC-0D43-47EC-9315-ADE357B08E26}.Release|Any CPU.Build.0 = Release|Any CPU
		{E20BE5DC-0D43-47EC-9315-ADE357B08E26}.Release|Any CPU.Deploy.0 = Release|Any CPU
		{E20BE5DC-0D43-47EC-9315-ADE357B08E26}.Release|iPhone.ActiveCfg = Release|Any CPU
		{E20BE5DC-0D43-47EC-9315-ADE357B08E26}.Release|iPhone.Build.0 = Release|Any CPU
		{E20BE5DC-0D43-47EC-9315-ADE357B08E26}.Release|iPhone.Deploy.0 = Release|Any CPU
		{E20BE5DC-0D43-47EC-9315-ADE357B08E26}.Release|iPhoneSimulator.ActiveCfg = Release|Any CPU
		{E20BE5DC-0D43-47EC-9315-ADE357B08E26}.Release|iPhoneSimulator.Build.0 = Release|Any CPU
		{E20BE5DC-0D43-47EC-9315-ADE357B08E26}.Release|iPhoneSimulator.Deploy.0 = Release|Any CPU
	EndGlobalSection
	GlobalSection(SolutionProperties) = preSolution
		HideSolutionNode = FALSE
	EndGlobalSection
	GlobalSection(ExtensibilityGlobals) = postSolution
		SolutionGuid = {0AF11604-D3ED-4948-BA3B-132E52A87522}
	EndGlobalSection
EndGlobal
